
Microsoft Visual Studio Solution File, Format Version 10.00
# Visual Studio 2008
Project("{8BC9CEB8-8B4A-11D0-8D11-00A0C91BC942}") = "winbootldr", "winbootldr.vcproj", "{87927982-B884-4B0E-9851-989E0147E0CA}"
EndProject
Project("{8BC9CEB8-8B4A-11D0-8D11-00A0C91BC942}") = "unitTests", "unitTests\unitTests.vcproj", "{C3994EE2-D56D-458C-A673-976568074AC2}"
EndProject
Global
	GlobalSection(SolutionConfigurationPlatforms) = preSolution
		Debug|Win32 = Debug|Win32
		Release|Win32 = Release|Win32
	EndGlobalSection
	GlobalSection(ProjectConfigurationPlatforms) = postSolution
		{87927982-B884-4B0E-9851-989E0147E0CA}.Debug|Win32.ActiveCfg = Release|Win32
		{87927982-B884-4B0E-9851-989E0147E0CA}.Debug|Win32.Build.0 = Release|Win32
		{87927982-B884-4B0E-9851-989E0147E0CA}.Release|Win32.ActiveCfg = Release|Win32
		{87927982-B884-4B0E-9851-989E0147E0CA}.Release|Win32.Build.0 = Release|Win32
		{C3994EE2-D56D-458C-A673-976568074AC2}.Debug|Win32.ActiveCfg = Debug|Win32
		{C3994EE2-D56D-458C-A673-976568074AC2}.Debug|Win32.Build.0 = Debug|Win32
		{C3994EE2-D56D-458C-A673-976568074AC2}.Release|Win32.ActiveCfg = Release|Win32
		{C3994EE2-D56D-458C-A673-976568074AC2}.Release|Win32.Build.0 = Release|Win32
	EndGlobalSection
	GlobalSection(SolutionProperties) = preSolution
		HideSolutionNode = FALSE
	EndGlobalSection
EndGlobal
